
Microsoft Visual Studio Solution File, Format Version 12.00
# Visual Studio 15
VisualStudioVersion = 15.0.27703.2018
MinimumVisualStudioVersion = 10.0.40219.1
Project("{9A19103F-16F7-4668-BE54-9A1E7A4F7556}") = "Knjizenje.Domain", "Knjizenje.Domain\Knjizenje.Domain.csproj", "{ACB7B520-5E67-4B16-9178-E4BCD73A8970}"
EndProject
Project("{2150E333-8FDC-42A3-9474-1A3956D46DE8}") = "Knjizenje", "Knjizenje", "{107EF72C-A785-41BB-9699-3723098B57B8}"
EndProject
Project("{9A19103F-16F7-4668-BE54-9A1E7A4F7556}") = "Knjizenje.Persistence", "Knjizenje.Persistence\Knjizenje.Persistence.csproj", "{16BE8F8E-B977-42AA-9A6E-F6934B9CC18C}"
EndProject
Project("{E53339B2-1760-4266-BCC7-CA923CBCF16C}") = "docker-compose", "docker-compose.dcproj", "{1C3A8E3D-7A42-46E2-A5FB-F05C06F1D140}"
EndProject
Project("{2150E333-8FDC-42A3-9474-1A3956D46DE8}") = "tests", "tests", "{088DBD34-85EF-42AC-BE7A-7F7E0153E793}"
EndProject
Project("{9A19103F-16F7-4668-BE54-9A1E7A4F7556}") = "Knjizenje.UnitTest", "Knjizenje.UnitTest\Knjizenje.UnitTest.csproj", "{1135EE59-C0AD-4E14-9334-84877F9399A8}"
EndProject
Project("{2150E333-8FDC-42A3-9474-1A3956D46DE8}") = "Pregledi", "Pregledi", "{C951C0C6-BDD0-41C2-A42C-EADDA495EB20}"
EndProject
Project("{9A19103F-16F7-4668-BE54-9A1E7A4F7556}") = "Pregledi.API", "Pregledi.API\Pregledi.API.csproj", "{A421799F-B30B-46A4-8939-24A4C9A9D251}"
EndProject
Project("{2150E333-8FDC-42A3-9474-1A3956D46DE8}") = "Web", "Web", "{D2CCC094-A1EE-4CC8-A31B-E67DA05BC35A}"
EndProject
Project("{9A19103F-16F7-4668-BE54-9A1E7A4F7556}") = "ERP.SPA", "ERP.SPA\ERP.SPA.csproj", "{C6E6C6E1-B7B7-4216-9198-278F152DA8C1}"
EndProject
Project("{9A19103F-16F7-4668-BE54-9A1E7A4F7556}") = "Integration.Contracts", "Integration.Contracts\Integration.Contracts.csproj", "{D785B888-480E-4A7B-94D9-1932F834A10F}"
EndProject
Project("{2150E333-8FDC-42A3-9474-1A3956D46DE8}") = "Identity", "Identity", "{B67E64E1-ED46-4442-B4C8-7B0A30ED1E79}"
EndProject
Project("{9A19103F-16F7-4668-BE54-9A1E7A4F7556}") = "Identity", "Identity\Identity.csproj", "{941DCF6F-58BD-422E-83FF-B3C876C01441}"
EndProject
Project("{9A19103F-16F7-4668-BE54-9A1E7A4F7556}") = "Knjizenje.Application", "Knjizenje.Application\Knjizenje.Application.csproj", "{06588EC9-F698-41C0-BF88-D87DCE1DCC82}"
EndProject
Project("{9A19103F-16F7-4668-BE54-9A1E7A4F7556}") = "Knjizenje.Service", "Knjizenje.Service\Knjizenje.Service.csproj", "{2F36B407-0070-4531-B345-3C160B840647}"
EndProject
Project("{9A19103F-16F7-4668-BE54-9A1E7A4F7556}") = "Pregledi.Domain", "Pregledi.Domain\Pregledi.Domain.csproj", "{751F2F63-407B-4E1A-90B6-F47FA9E1470D}"
EndProject
Project("{9A19103F-16F7-4668-BE54-9A1E7A4F7556}") = "Pregledi.Application", "Pregledi.Application\Pregledi.Application.csproj", "{BC06A20E-9CBC-4C98-B638-27C9754EB36A}"
EndProject
Project("{9A19103F-16F7-4668-BE54-9A1E7A4F7556}") = "Pregledi.Persistence", "Pregledi.Persistence\Pregledi.Persistence.csproj", "{308C616B-4694-4B2A-BA36-C90ADA93BC41}"
EndProject
Project("{2150E333-8FDC-42A3-9474-1A3956D46DE8}") = "tests", "tests", "{447F6501-46BA-4150-8181-30738652CF48}"
EndProject
Project("{9A19103F-16F7-4668-BE54-9A1E7A4F7556}") = "Pregledi.UnitTest", "Pregledi.UnitTest\Pregledi.UnitTest.csproj", "{5B131C04-515F-4C2C-AEFF-4CF9692A6924}"
EndProject
Global
	GlobalSection(SolutionConfigurationPlatforms) = preSolution
		Debug|Any CPU = Debug|Any CPU
		Release|Any CPU = Release|Any CPU
	EndGlobalSection
	GlobalSection(ProjectConfigurationPlatforms) = postSolution
		{ACB7B520-5E67-4B16-9178-E4BCD73A8970}.Debug|Any CPU.ActiveCfg = Debug|Any CPU
		{ACB7B520-5E67-4B16-9178-E4BCD73A8970}.Debug|Any CPU.Build.0 = Debug|Any CPU
		{ACB7B520-5E67-4B16-9178-E4BCD73A8970}.Release|Any CPU.ActiveCfg = Release|Any CPU
		{ACB7B520-5E67-4B16-9178-E4BCD73A8970}.Release|Any CPU.Build.0 = Release|Any CPU
		{16BE8F8E-B977-42AA-9A6E-F6934B9CC18C}.Debug|Any CPU.ActiveCfg = Debug|Any CPU
		{16BE8F8E-B977-42AA-9A6E-F6934B9CC18C}.Debug|Any CPU.Build.0 = Debug|Any CPU
		{16BE8F8E-B977-42AA-9A6E-F6934B9CC18C}.Release|Any CPU.ActiveCfg = Release|Any CPU
		{16BE8F8E-B977-42AA-9A6E-F6934B9CC18C}.Release|Any CPU.Build.0 = Release|Any CPU
		{1C3A8E3D-7A42-46E2-A5FB-F05C06F1D140}.Debug|Any CPU.ActiveCfg = Debug|Any CPU
		{1C3A8E3D-7A42-46E2-A5FB-F05C06F1D140}.Debug|Any CPU.Build.0 = Debug|Any CPU
		{1C3A8E3D-7A42-46E2-A5FB-F05C06F1D140}.Release|Any CPU.ActiveCfg = Release|Any CPU
		{1C3A8E3D-7A42-46E2-A5FB-F05C06F1D140}.Release|Any CPU.Build.0 = Release|Any CPU
		{1135EE59-C0AD-4E14-9334-84877F9399A8}.Debug|Any CPU.ActiveCfg = Debug|Any CPU
		{1135EE59-C0AD-4E14-9334-84877F9399A8}.Debug|Any CPU.Build.0 = Debug|Any CPU
		{1135EE59-C0AD-4E14-9334-84877F9399A8}.Release|Any CPU.ActiveCfg = Release|Any CPU
		{1135EE59-C0AD-4E14-9334-84877F9399A8}.Release|Any CPU.Build.0 = Release|Any CPU
		{A421799F-B30B-46A4-8939-24A4C9A9D251}.Debug|Any CPU.ActiveCfg = Debug|Any CPU
		{A421799F-B30B-46A4-8939-24A4C9A9D251}.Debug|Any CPU.Build.0 = Debug|Any CPU
		{A421799F-B30B-46A4-8939-24A4C9A9D251}.Release|Any CPU.ActiveCfg = Release|Any CPU
		{A421799F-B30B-46A4-8939-24A4C9A9D251}.Release|Any CPU.Build.0 = Release|Any CPU
		{C6E6C6E1-B7B7-4216-9198-278F152DA8C1}.Debug|Any CPU.ActiveCfg = Debug|Any CPU
		{C6E6C6E1-B7B7-4216-9198-278F152DA8C1}.Debug|Any CPU.Build.0 = Debug|Any CPU
		{C6E6C6E1-B7B7-4216-9198-278F152DA8C1}.Release|Any CPU.ActiveCfg = Release|Any CPU
		{C6E6C6E1-B7B7-4216-9198-278F152DA8C1}.Release|Any CPU.Build.0 = Release|Any CPU
		{D785B888-480E-4A7B-94D9-1932F834A10F}.Debug|Any CPU.ActiveCfg = Debug|Any CPU
		{D785B888-480E-4A7B-94D9-1932F834A10F}.Debug|Any CPU.Build.0 = Debug|Any CPU
		{D785B888-480E-4A7B-94D9-1932F834A10F}.Release|Any CPU.ActiveCfg = Release|Any CPU
		{D785B888-480E-4A7B-94D9-1932F834A10F}.Release|Any CPU.Build.0 = Release|Any CPU
		{941DCF6F-58BD-422E-83FF-B3C876C01441}.Debug|Any CPU.ActiveCfg = Debug|Any CPU
		{941DCF6F-58BD-422E-83FF-B3C876C01441}.Debug|Any CPU.Build.0 = Debug|Any CPU
		{941DCF6F-58BD-422E-83FF-B3C876C01441}.Release|Any CPU.ActiveCfg = Release|Any CPU
		{941DCF6F-58BD-422E-83FF-B3C876C01441}.Release|Any CPU.Build.0 = Release|Any CPU
		{06588EC9-F698-41C0-BF88-D87DCE1DCC82}.Debug|Any CPU.ActiveCfg = Debug|Any CPU
		{06588EC9-F698-41C0-BF88-D87DCE1DCC82}.Debug|Any CPU.Build.0 = Debug|Any CPU
		{06588EC9-F698-41C0-BF88-D87DCE1DCC82}.Release|Any CPU.ActiveCfg = Release|Any CPU
		{06588EC9-F698-41C0-BF88-D87DCE1DCC82}.Release|Any CPU.Build.0 = Release|Any CPU
		{2F36B407-0070-4531-B345-3C160B840647}.Debug|Any CPU.ActiveCfg = Debug|Any CPU
		{2F36B407-0070-4531-B345-3C160B840647}.Debug|Any CPU.Build.0 = Debug|Any CPU
		{2F36B407-0070-4531-B345-3C160B840647}.Release|Any CPU.ActiveCfg = Release|Any CPU
		{2F36B407-0070-4531-B345-3C160B840647}.Release|Any CPU.Build.0 = Release|Any CPU
		{751F2F63-407B-4E1A-90B6-F47FA9E1470D}.Debug|Any CPU.ActiveCfg = Debug|Any CPU
		{751F2F63-407B-4E1A-90B6-F47FA9E1470D}.Debug|Any CPU.Build.0 = Debug|Any CPU
		{751F2F63-407B-4E1A-90B6-F47FA9E1470D}.Release|Any CPU.ActiveCfg = Release|Any CPU
		{751F2F63-407B-4E1A-90B6-F47FA9E1470D}.Release|Any CPU.Build.0 = Release|Any CPU
		{BC06A20E-9CBC-4C98-B638-27C9754EB36A}.Debug|Any CPU.ActiveCfg = Debug|Any CPU
		{BC06A20E-9CBC-4C98-B638-27C9754EB36A}.Debug|Any CPU.Build.0 = Debug|Any CPU
		{BC06A20E-9CBC-4C98-B638-27C9754EB36A}.Release|Any CPU.ActiveCfg = Release|Any CPU
		{BC06A20E-9CBC-4C98-B638-27C9754EB36A}.Release|Any CPU.Build.0 = Release|Any CPU
		{308C616B-4694-4B2A-BA36-C90ADA93BC41}.Debug|Any CPU.ActiveCfg = Debug|Any CPU
		{308C616B-4694-4B2A-BA36-C90ADA93BC41}.Debug|Any CPU.Build.0 = Debug|Any CPU
		{308C616B-4694-4B2A-BA36-C90ADA93BC41}.Release|Any CPU.ActiveCfg = Release|Any CPU
		{308C616B-4694-4B2A-BA36-C90ADA93BC41}.Release|Any CPU.Build.0 = Release|Any CPU
		{5B131C04-515F-4C2C-AEFF-4CF9692A6924}.Debug|Any CPU.ActiveCfg = Debug|Any CPU
		{5B131C04-515F-4C2C-AEFF-4CF9692A6924}.Debug|Any CPU.Build.0 = Debug|Any CPU
		{5B131C04-515F-4C2C-AEFF-4CF9692A6924}.Release|Any CPU.ActiveCfg = Release|Any CPU
		{5B131C04-515F-4C2C-AEFF-4CF9692A6924}.Release|Any CPU.Build.0 = Release|Any CPU
	EndGlobalSection
	GlobalSection(SolutionProperties) = preSolution
		HideSolutionNode = FALSE
	EndGlobalSection
	GlobalSection(NestedProjects) = preSolution
		{ACB7B520-5E67-4B16-9178-E4BCD73A8970} = {107EF72C-A785-41BB-9699-3723098B57B8}
		{16BE8F8E-B977-42AA-9A6E-F6934B9CC18C} = {107EF72C-A785-41BB-9699-3723098B57B8}
		{088DBD34-85EF-42AC-BE7A-7F7E0153E793} = {107EF72C-A785-41BB-9699-3723098B57B8}
		{1135EE59-C0AD-4E14-9334-84877F9399A8} = {088DBD34-85EF-42AC-BE7A-7F7E0153E793}
		{A421799F-B30B-46A4-8939-24A4C9A9D251} = {C951C0C6-BDD0-41C2-A42C-EADDA495EB20}
		{C6E6C6E1-B7B7-4216-9198-278F152DA8C1} = {D2CCC094-A1EE-4CC8-A31B-E67DA05BC35A}
		{941DCF6F-58BD-422E-83FF-B3C876C01441} = {B67E64E1-ED46-4442-B4C8-7B0A30ED1E79}
		{06588EC9-F698-41C0-BF88-D87DCE1DCC82} = {107EF72C-A785-41BB-9699-3723098B57B8}
		{2F36B407-0070-4531-B345-3C160B840647} = {107EF72C-A785-41BB-9699-3723098B57B8}
		{751F2F63-407B-4E1A-90B6-F47FA9E1470D} = {C951C0C6-BDD0-41C2-A42C-EADDA495EB20}
		{BC06A20E-9CBC-4C98-B638-27C9754EB36A} = {C951C0C6-BDD0-41C2-A42C-EADDA495EB20}
		{308C616B-4694-4B2A-BA36-C90ADA93BC41} = {C951C0C6-BDD0-41C2-A42C-EADDA495EB20}
		{447F6501-46BA-4150-8181-30738652CF48} = {C951C0C6-BDD0-41C2-A42C-EADDA495EB20}
		{5B131C04-515F-4C2C-AEFF-4CF9692A6924} = {447F6501-46BA-4150-8181-30738652CF48}
	EndGlobalSection
	GlobalSection(ExtensibilityGlobals) = postSolution
		SolutionGuid = {02A2B809-ED21-4EFE-86B5-1DE5F010AA30}
	EndGlobalSection
EndGlobal
